// !$*UTF8*$!
{
	archiveVersion = 1;
	classes = {
	};
	objectVersion = 46;
	objects = {

/* Begin PBXBuildFile section */
		64E83C721B0B3144000DFD07 /* main.m in Sources */ = {isa = PBXBuildFile; fileRef = 64E83C711B0B3144000DFD07 /* main.m */; };
		64E83C751B0B3144000DFD07 /* AppDelegate.m in Sources */ = {isa = PBXBuildFile; fileRef = 64E83C741B0B3144000DFD07 /* AppDelegate.m */; };
		64E83C781B0B3144000DFD07 /* ViewController.m in Sources */ = {isa = PBXBuildFile; fileRef = 64E83C771B0B3144000DFD07 /* ViewController.m */; };
		64E83C7B1B0B3144000DFD07 /* Main.storyboard in Resources */ = {isa = PBXBuildFile; fileRef = 64E83C791B0B3144000DFD07 /* Main.storyboard */; };
		64E83C7D1B0B3144000DFD07 /* Images.xcassets in Resources */ = {isa = PBXBuildFile; fileRef = 64E83C7C1B0B3144000DFD07 /* Images.xcassets */; };
		64E83C801B0B3144000DFD07 /* LaunchScreen.xib in Resources */ = {isa = PBXBuildFile; fileRef = 64E83C7E1B0B3144000DFD07 /* LaunchScreen.xib */; };
		64E83C8C1B0B3144000DFD07 /* AccordionDemoTests.m in Sources */ = {isa = PBXBuildFile; fileRef = 64E83C8B1B0B3144000DFD07 /* AccordionDemoTests.m */; };
		64E83C9A1B0B31D8000DFD07 /* JLAccordionData.m in Sources */ = {isa = PBXBuildFile; fileRef = 64E83C971B0B31D8000DFD07 /* JLAccordionData.m */; };
		64E83C9B1B0B31D8000DFD07 /* JLAccordionDataController.m in Sources */ = {isa = PBXBuildFile; fileRef = 64E83C991B0B31D8000DFD07 /* JLAccordionDataController.m */; };
		64E83C9D1B0B320E000DFD07 /* arrow.png in Resources */ = {isa = PBXBuildFile; fileRef = 64E83C9C1B0B320E000DFD07 /* arrow.png */; };
		64E83CA21B0B3228000DFD07 /* ParentTableViewCell.m in Sources */ = {isa = PBXBuildFile; fileRef = 64E83C9F1B0B3228000DFD07 /* ParentTableViewCell.m */; };
		64E83CA31B0B3228000DFD07 /* ChildTableViewCell.m in Sources */ = {isa = PBXBuildFile; fileRef = 64E83CA11B0B3228000DFD07 /* ChildTableViewCell.m */; };
		64E83CA51B0B32E9000DFD07 /* data.plist in Resources */ = {isa = PBXBuildFile; fileRef = 64E83CA41B0B32E9000DFD07 /* data.plist */; };
/* End PBXBuildFile section */

/* Begin PBXContainerItemProxy section */
		64E83C861B0B3144000DFD07 /* PBXContainerItemProxy */ = {
			isa = PBXContainerItemProxy;
			containerPortal = 64E83C641B0B3144000DFD07 /* Project object */;
			proxyType = 1;
			remoteGlobalIDString = 64E83C6B1B0B3144000DFD07;
			remoteInfo = AccordionDemo;
		};
/* End PBXContainerItemProxy section */

/* Begin PBXFileReference section */
		64E83C6C1B0B3144000DFD07 /* AccordionDemo.app */ = {isa = PBXFileReference; explicitFileType = wrapper.application; includeInIndex = 0; path = AccordionDemo.app; sourceTree = BUILT_PRODUCTS_DIR; };
		64E83C701B0B3144000DFD07 /* Info.plist */ = {isa = PBXFileReference; lastKnownFileType = text.plist.xml; path = Info.plist; sourceTree = "<group>"; };
		64E83C711B0B3144000DFD07 /* main.m */ = {isa = PBXFileReference; lastKnownFileType = sourcecode.c.objc; path = main.m; sourceTree = "<group>"; };
		64E83C731B0B3144000DFD07 /* AppDelegate.h */ = {isa = PBXFileReference; lastKnownFileType = sourcecode.c.h; path = AppDelegate.h; sourceTree = "<group>"; };
		64E83C741B0B3144000DFD07 /* AppDelegate.m */ = {isa = PBXFileReference; lastKnownFileType = sourcecode.c.objc; path = AppDelegate.m; sourceTree = "<group>"; };
		64E83C761B0B3144000DFD07 /* ViewController.h */ = {isa = PBXFileReference; lastKnownFileType = sourcecode.c.h; path = ViewController.h; sourceTree = "<group>"; };
		64E83C771B0B3144000DFD07 /* ViewController.m */ = {isa = PBXFileReference; lastKnownFileType = sourcecode.c.objc; path = ViewController.m; sourceTree = "<group>"; };
		64E83C7A1B0B3144000DFD07 /* Base */ = {isa = PBXFileReference; lastKnownFileType = file.storyboard; name = Base; path = Base.lproj/Main.storyboard; sourceTree = "<group>"; };
		64E83C7C1B0B3144000DFD07 /* Images.xcassets */ = {isa = PBXFileReference; lastKnownFileType = folder.assetcatalog; path = Images.xcassets; sourceTree = "<group>"; };
		64E83C7F1B0B3144000DFD07 /* Base */ = {isa = PBXFileReference; lastKnownFileType = file.xib; name = Base; path = Base.lproj/LaunchScreen.xib; sourceTree = "<group>"; };
		64E83C851B0B3144000DFD07 /* AccordionDemoTests.xctest */ = {isa = PBXFileReference; explicitFileType = wrapper.cfbundle; includeInIndex = 0; path = AccordionDemoTests.xctest; sourceTree = BUILT_PRODUCTS_DIR; };
		64E83C8A1B0B3144000DFD07 /* Info.plist */ = {isa = PBXFileReference; lastKnownFileType = text.plist.xml; path = Info.plist; sourceTree = "<group>"; };
		64E83C8B1B0B3144000DFD07 /* AccordionDemoTests.m */ = {isa = PBXFileReference; lastKnownFileType = sourcecode.c.objc; path = AccordionDemoTests.m; sourceTree = "<group>"; };
		64E83C961B0B31D8000DFD07 /* JLAccordionData.h */ = {isa = PBXFileReference; fileEncoding = 4; lastKnownFileType = sourcecode.c.h; path = JLAccordionData.h; sourceTree = "<group>"; };
		64E83C971B0B31D8000DFD07 /* JLAccordionData.m */ = {isa = PBXFileReference; fileEncoding = 4; lastKnownFileType = sourcecode.c.objc; path = JLAccordionData.m; sourceTree = "<group>"; };
		64E83C981B0B31D8000DFD07 /* JLAccordionDataController.h */ = {isa = PBXFileReference; fileEncoding = 4; lastKnownFileType = sourcecode.c.h; path = JLAccordionDataController.h; sourceTree = "<group>"; };
		64E83C991B0B31D8000DFD07 /* JLAccordionDataController.m */ = {isa = PBXFileReference; fileEncoding = 4; lastKnownFileType = sourcecode.c.objc; path = JLAccordionDataController.m; sourceTree = "<group>"; };
		64E83C9C1B0B320E000DFD07 /* arrow.png */ = {isa = PBXFileReference; lastKnownFileType = image.png; path = arrow.png; sourceTree = "<group>"; };
		64E83C9E1B0B3228000DFD07 /* ParentTableViewCell.h */ = {isa = PBXFileReference; fileEncoding = 4; lastKnownFileType = sourcecode.c.h; path = ParentTableViewCell.h; sourceTree = "<group>"; };
		64E83C9F1B0B3228000DFD07 /* ParentTableViewCell.m */ = {isa = PBXFileReference; fileEncoding = 4; lastKnownFileType = sourcecode.c.objc; path = ParentTableViewCell.m; sourceTree = "<group>"; };
		64E83CA01B0B3228000DFD07 /* ChildTableViewCell.h */ = {isa = PBXFileReference; fileEncoding = 4; lastKnownFileType = sourcecode.c.h; path = ChildTableViewCell.h; sourceTree = "<group>"; };
		64E83CA11B0B3228000DFD07 /* ChildTableViewCell.m */ = {isa = PBXFileReference; fileEncoding = 4; lastKnownFileType = sourcecode.c.objc; path = ChildTableViewCell.m; sourceTree = "<group>"; };
		64E83CA41B0B32E9000DFD07 /* data.plist */ = {isa = PBXFileReference; fileEncoding = 4; lastKnownFileType = text.plist.xml; path = data.plist; sourceTree = "<group>"; };
/* End PBXFileReference section */

/* Begin PBXFrameworksBuildPhase section */
		64E83C691B0B3144000DFD07 /* Frameworks */ = {
			isa = PBXFrameworksBuildPhase;
			buildActionMask = 2147483647;
			files = (
			);
			runOnlyForDeploymentPostprocessing = 0;
		};
		64E83C821B0B3144000DFD07 /* Frameworks */ = {
			isa = PBXFrameworksBuildPhase;
			buildActionMask = 2147483647;
			files = (
			);
			runOnlyForDeploymentPostprocessing = 0;
		};
/* End PBXFrameworksBuildPhase section */

/* Begin PBXGroup section */
		64E83C631B0B3144000DFD07 = {
			isa = PBXGroup;
			children = (
				64E83C6E1B0B3144000DFD07 /* AccordionDemo */,
				64E83C881B0B3144000DFD07 /* AccordionDemoTests */,
				64E83C6D1B0B3144000DFD07 /* Products */,
			);
			sourceTree = "<group>";
		};
		64E83C6D1B0B3144000DFD07 /* Products */ = {
			isa = PBXGroup;
			children = (
				64E83C6C1B0B3144000DFD07 /* AccordionDemo.app */,
				64E83C851B0B3144000DFD07 /* AccordionDemoTests.xctest */,
			);
			name = Products;
			sourceTree = "<group>";
		};
		64E83C6E1B0B3144000DFD07 /* AccordionDemo */ = {
			isa = PBXGroup;
			children = (
				64E83C951B0B31D8000DFD07 /* JLAccordion */,
				64E83C731B0B3144000DFD07 /* AppDelegate.h */,
				64E83C741B0B3144000DFD07 /* AppDelegate.m */,
				64E83C761B0B3144000DFD07 /* ViewController.h */,
				64E83C771B0B3144000DFD07 /* ViewController.m */,
				64E83C9E1B0B3228000DFD07 /* ParentTableViewCell.h */,
				64E83C9F1B0B3228000DFD07 /* ParentTableViewCell.m */,
				64E83CA01B0B3228000DFD07 /* ChildTableViewCell.h */,
				64E83CA11B0B3228000DFD07 /* ChildTableViewCell.m */,
				64E83C791B0B3144000DFD07 /* Main.storyboard */,
				64E83C7C1B0B3144000DFD07 /* Images.xcassets */,
				64E83C7E1B0B3144000DFD07 /* LaunchScreen.xib */,
				64E83C9C1B0B320E000DFD07 /* arrow.png */,
				64E83CA41B0B32E9000DFD07 /* data.plist */,
				64E83C6F1B0B3144000DFD07 /* Supporting Files */,
			);
			path = AccordionDemo;
			sourceTree = "<group>";
		};
		64E83C6F1B0B3144000DFD07 /* Supporting Files */ = {
			isa = PBXGroup;
			children = (
				64E83C701B0B3144000DFD07 /* Info.plist */,
				64E83C711B0B3144000DFD07 /* main.m */,
			);
			name = "Supporting Files";
			sourceTree = "<group>";
		};
		64E83C881B0B3144000DFD07 /* AccordionDemoTests */ = {
			isa = PBXGroup;
			children = (
				64E83C8B1B0B3144000DFD07 /* AccordionDemoTests.m */,
				64E83C891B0B3144000DFD07 /* Supporting Files */,
			);
			path = AccordionDemoTests;
			sourceTree = "<group>";
		};
		64E83C891B0B3144000DFD07 /* Supporting Files */ = {
			isa = PBXGroup;
			children = (
				64E83C8A1B0B3144000DFD07 /* Info.plist */,
			);
			name = "Supporting Files";
			sourceTree = "<group>";
		};
		64E83C951B0B31D8000DFD07 /* JLAccordion */ = {
			isa = PBXGroup;
			children = (
				64E83C961B0B31D8000DFD07 /* JLAccordionData.h */,
				64E83C971B0B31D8000DFD07 /* JLAccordionData.m */,
				64E83C981B0B31D8000DFD07 /* JLAccordionDataController.h */,
				64E83C991B0B31D8000DFD07 /* JLAccordionDataController.m */,
			);
			name = JLAccordion;
			path = ../../JLAccordion;
			sourceTree = "<group>";
		};
/* End PBXGroup section */

/* Begin PBXNativeTarget section */
		64E83C6B1B0B3144000DFD07 /* AccordionDemo */ = {
			isa = PBXNativeTarget;
			buildConfigurationList = 64E83C8F1B0B3144000DFD07 /* Build configuration list for PBXNativeTarget "AccordionDemo" */;
			buildPhases = (
				64E83C681B0B3144000DFD07 /* Sources */,
				64E83C691B0B3144000DFD07 /* Frameworks */,
				64E83C6A1B0B3144000DFD07 /* Resources */,
			);
			buildRules = (
			);
			dependencies = (
			);
			name = AccordionDemo;
			productName = AccordionDemo;
			productReference = 64E83C6C1B0B3144000DFD07 /* AccordionDemo.app */;
			productType = "com.apple.product-type.application";
		};
		64E83C841B0B3144000DFD07 /* AccordionDemoTests */ = {
			isa = PBXNativeTarget;
			buildConfigurationList = 64E83C921B0B3144000DFD07 /* Build configuration list for PBXNativeTarget "AccordionDemoTests" */;
			buildPhases = (
				64E83C811B0B3144000DFD07 /* Sources */,
				64E83C821B0B3144000DFD07 /* Frameworks */,
				64E83C831B0B3144000DFD07 /* Resources */,
			);
			buildRules = (
			);
			dependencies = (
				64E83C871B0B3144000DFD07 /* PBXTargetDependency */,
			);
			name = AccordionDemoTests;
			productName = AccordionDemoTests;
			productReference = 64E83C851B0B3144000DFD07 /* AccordionDemoTests.xctest */;
			productType = "com.apple.product-type.bundle.unit-test";
		};
/* End PBXNativeTarget section */

/* Begin PBXProject section */
		64E83C641B0B3144000DFD07 /* Project object */ = {
			isa = PBXProject;
			attributes = {
				LastUpgradeCheck = 0630;
				ORGANIZATIONNAME = "Joey L.";
				TargetAttributes = {
					64E83C6B1B0B3144000DFD07 = {
						CreatedOnToolsVersion = 6.3;
					};
					64E83C841B0B3144000DFD07 = {
						CreatedOnToolsVersion = 6.3;
						TestTargetID = 64E83C6B1B0B3144000DFD07;
					};
				};
			};
			buildConfigurationList = 64E83C671B0B3144000DFD07 /* Build configuration list for PBXProject "AccordionDemo" */;
			compatibilityVersion = "Xcode 3.2";
			developmentRegion = English;
			hasScannedForEncodings = 0;
			knownRegions = (
				en,
				Base,
			);
			mainGroup = 64E83C631B0B3144000DFD07;
			productRefGroup = 64E83C6D1B0B3144000DFD07 /* Products */;
			projectDirPath = "";
			projectRoot = "";
			targets = (
				64E83C6B1B0B3144000DFD07 /* AccordionDemo */,
				64E83C841B0B3144000DFD07 /* AccordionDemoTests */,
			);
		};
/* End PBXProject section */

/* Begin PBXResourcesBuildPhase section */
		64E83C6A1B0B3144000DFD07 /* Resources */ = {
			isa = PBXResourcesBuildPhase;
			buildActionMask = 2147483647;
			files = (
				64E83C7B1B0B3144000DFD07 /* Main.storyboard in Resources */,
				64E83C801B0B3144000DFD07 /* LaunchScreen.xib in Resources */,
				64E83C7D1B0B3144000DFD07 /* Images.xcassets in Resources */,
				64E83CA51B0B32E9000DFD07 /* data.plist in Resources */,
				64E83C9D1B0B320E000DFD07 /* arrow.png in Resources */,
			);
			runOnlyForDeploymentPostprocessing = 0;
		};
		64E83C831B0B3144000DFD07 /* Resources */ = {
			isa = PBXResourcesBuildPhase;
			buildActionMask = 2147483647;
			files = (
			);
			runOnlyForDeploymentPostprocessing = 0;
		};
/* End PBXResourcesBuildPhase section */

/* Begin PBXSourcesBuildPhase section */
		64E83C681B0B3144000DFD07 /* Sources */ = {
			isa = PBXSourcesBuildPhase;
			buildActionMask = 2147483647;
			files = (
				64E83C781B0B3144000DFD07 /* ViewController.m in Sources */,
				64E83CA31B0B3228000DFD07 /* ChildTableViewCell.m in Sources */,
				64E83C751B0B3144000DFD07 /* AppDelegate.m in Sources */,
				64E83C9A1B0B31D8000DFD07 /* JLAccordionData.m in Sources */,
				64E83CA21B0B3228000DFD07 /* ParentTableViewCell.m in Sources */,
				64E83C9B1B0B31D8000DFD07 /* JLAccordionDataController.m in Sources */,
				64E83C721B0B3144000DFD07 /* main.m in Sources */,
			);
			runOnlyForDeploymentPostprocessing = 0;
		};
		64E83C811B0B3144000DFD07 /* Sources */ = {
			isa = PBXSourcesBuildPhase;
			buildActionMask = 2147483647;
			files = (
				64E83C8C1B0B3144000DFD07 /* AccordionDemoTests.m in Sources */,
			);
			runOnlyForDeploymentPostprocessing = 0;
		};
/* End PBXSourcesBuildPhase section */

/* Begin PBXTargetDependency section */
		64E83C871B0B3144000DFD07 /* PBXTargetDependency */ = {
			isa = PBXTargetDependency;
			target = 64E83C6B1B0B3144000DFD07 /* AccordionDemo */;
			targetProxy = 64E83C861B0B3144000DFD07 /* PBXContainerItemProxy */;
		};
/* End PBXTargetDependency section */

/* Begin PBXVariantGroup section */
		64E83C791B0B3144000DFD07 /* Main.storyboard */ = {
			isa = PBXVariantGroup;
			children = (
				64E83C7A1B0B3144000DFD07 /* Base */,
			);
			name = Main.storyboard;
			sourceTree = "<group>";
		};
		64E83C7E1B0B3144000DFD07 /* LaunchScreen.xib */ = {
			isa = PBXVariantGroup;
			children = (
				64E83C7F1B0B3144000DFD07 /* Base */,
			);
			name = LaunchScreen.xib;
			sourceTree = "<group>";
		};
/* End PBXVariantGroup section */

/* Begin XCBuildConfiguration section */
		64E83C8D1B0B3144000DFD07 /* Debug */ = {
			isa = XCBuildConfiguration;
			buildSettings = {
				ALWAYS_SEARCH_USER_PATHS = NO;
				CLANG_CXX_LANGUAGE_STANDARD = "gnu++0x";
				CLANG_CXX_LIBRARY = "libc++";
				CLANG_ENABLE_MODULES = YES;
				CLANG_ENABLE_OBJC_ARC = YES;
				CLANG_WARN_BOOL_CONVERSION = YES;
				CLANG_WARN_CONSTANT_CONVERSION = YES;
				CLANG_WARN_DIRECT_OBJC_ISA_USAGE = YES_ERROR;
				CLANG_WARN_EMPTY_BODY = YES;
				CLANG_WARN_ENUM_CONVERSION = YES;
				CLANG_WARN_INT_CONVERSION = YES;
				CLANG_WARN_OBJC_ROOT_CLASS = YES_ERROR;
				CLANG_WARN_UNREACHABLE_CODE = YES;
				CLANG_WARN__DUPLICATE_METHOD_MATCH = YES;
				"CODE_SIGN_IDENTITY[sdk=iphoneos*]" = "iPhone Developer";
				COPY_PHASE_STRIP = NO;
				DEBUG_INFORMATION_FORMAT = "dwarf-with-dsym";
				ENABLE_STRICT_OBJC_MSGSEND = YES;
				GCC_C_LANGUAGE_STANDARD = gnu99;
				GCC_DYNAMIC_NO_PIC = NO;
				GCC_NO_COMMON_BLOCKS = YES;
				GCC_OPTIMIZATION_LEVEL = 0;
				GCC_PREPROCESSOR_DEFINITIONS = (
					"DEBUG=1",
					"$(inherited)",
				);
				GCC_SYMBOLS_PRIVATE_EXTERN = NO;
				GCC_WARN_64_TO_32_BIT_CONVERSION = YES;
				GCC_WARN_ABOUT_RETURN_TYPE = YES_ERROR;
				GCC_WARN_UNDECLARED_SELECTOR = YES;
				GCC_WARN_UNINITIALIZED_AUTOS = YES_AGGRESSIVE;
				GCC_WARN_UNUSED_FUNCTION = YES;
				GCC_WARN_UNUSED_VARIABLE = YES;
				IPHONEOS_DEPLOYMENT_TARGET = 8.3;
				MTL_ENABLE_DEBUG_INFO = YES;
				ONLY_ACTIVE_ARCH = YES;
				SDKROOT = iphoneos;
			};
			name = Debug;
		};
		64E83C8E1B0B3144000DFD07 /* Release */ = {
			isa = XCBuildConfiguration;
			buildSettings = {
				ALWAYS_SEARCH_USER_PATHS = NO;
				CLANG_CXX_LANGUAGE_STANDARD = "gnu++0x";
				CLANG_CXX_LIBRARY = "libc++";
				CLANG_ENABLE_MODULES = YES;
				CLANG_ENABLE_OBJC_ARC = YES;
				CLANG_WARN_BOOL_CONVERSION = YES;
				CLANG_WARN_CONSTANT_CONVERSION = YES;
				CLANG_WARN_DIRECT_OBJC_ISA_USAGE = YES_ERROR;
				CLANG_WARN_EMPTY_BODY = YES;
				CLANG_WARN_ENUM_CONVERSION = YES;
				CLANG_WARN_INT_CONVERSION = YES;
				CLANG_WARN_OBJC_ROOT_CLASS = YES_ERROR;
				CLANG_WARN_UNREACHABLE_CODE = YES;
				CLANG_WARN__DUPLICATE_METHOD_MATCH = YES;
				"CODE_SIGN_IDENTITY[sdk=iphoneos*]" = "iPhone Developer";
				COPY_PHASE_STRIP = NO;
				DEBUG_INFORMATION_FORMAT = "dwarf-with-dsym";
				ENABLE_NS_ASSERTIONS = NO;
				ENABLE_STRICT_OBJC_MSGSEND = YES;
				GCC_C_LANGUAGE_STANDARD = gnu99;
				GCC_NO_COMMON_BLOCKS = YES;
				GCC_WARN_64_TO_32_BIT_CONVERSION = YES;
				GCC_WARN_ABOUT_RETURN_TYPE = YES_ERROR;
				GCC_WARN_UNDECLARED_SELECTOR = YES;
				GCC_WARN_UNINITIALIZED_AUTOS = YES_AGGRESSIVE;
				GCC_WARN_UNUSED_FUNCTION = YES;
				GCC_WARN_UNUSED_VARIABLE = YES;
				IPHONEOS_DEPLOYMENT_TARGET = 8.3;
				MTL_ENABLE_DEBUG_INFO = NO;
				SDKROOT = iphoneos;
				VALIDATE_PRODUCT = YES;
			};
			name = Release;
		};
		64E83C901B0B3144000DFD07 /* Debug */ = {
			isa = XCBuildConfiguration;
			buildSettings = {
				ASSETCATALOG_COMPILER_APPICON_NAME = AppIcon;
				INFOPLIST_FILE = AccordionDemo/Info.plist;
				LD_RUNPATH_SEARCH_PATHS = "$(inherited) @executable_path/Frameworks";
				PRODUCT_NAME = "$(TARGET_NAME)";
			};
			name = Debug;
		};
		64E83C911B0B3144000DFD07 /* Release */ = {
			isa = XCBuildConfiguration;
			buildSettings = {
				ASSETCATALOG_COMPILER_APPICON_NAME = AppIcon;
				INFOPLIST_FILE = AccordionDemo/Info.plist;
				LD_RUNPATH_SEARCH_PATHS = "$(inherited) @executable_path/Frameworks";
				PRODUCT_NAME = "$(TARGET_NAME)";
			};
			name = Release;
		};
		64E83C931B0B3144000DFD07 /* Debug */ = {
			isa = XCBuildConfiguration;
			buildSettings = {
				BUNDLE_LOADER = "$(TEST_HOST)";
				FRAMEWORK_SEARCH_PATHS = (
					"$(SDKROOT)/Developer/Library/Frameworks",
					"$(inherited)",
				);
				GCC_PREPROCESSOR_DEFINITIONS = (
					"DEBUG=1",
					"$(inherited)",
				);
				INFOPLIST_FILE = AccordionDemoTests/Info.plist;
				LD_RUNPATH_SEARCH_PATHS = "$(inherited) @executable_path/Frameworks @loader_path/Frameworks";
				PRODUCT_NAME = "$(TARGET_NAME)";
				TEST_HOST = "$(BUILT_PRODUCTS_DIR)/AccordionDemo.app/AccordionDemo";
			};
			name = Debug;
		};
		64E83C941B0B3144000DFD07 /* Release */ = {
			isa = XCBuildConfiguration;
			buildSettings = {
				BUNDLE_LOADER = "$(TEST_HOST)";
				FRAMEWORK_SEARCH_PATHS = (
					"$(SDKROOT)/Developer/Library/Frameworks",
					"$(inherited)",
				);
				INFOPLIST_FILE = AccordionDemoTests/Info.plist;
				LD_RUNPATH_SEARCH_PATHS = "$(inherited) @executable_path/Frameworks @loader_path/Frameworks";
				PRODUCT_NAME = "$(TARGET_NAME)";
				TEST_HOST = "$(BUILT_PRODUCTS_DIR)/AccordionDemo.app/AccordionDemo";
			};
			name = Release;
		};
/* End XCBuildConfiguration section */

/* Begin XCConfigurationList section */
		64E83C671B0B3144000DFD07 /* Build configuration list for PBXProject "AccordionDemo" */ = {
			isa = XCConfigurationList;
			buildConfigurations = (
				64E83C8D1B0B3144000DFD07 /* Debug */,
				64E83C8E1B0B3144000DFD07 /* Release */,
			);
			defaultConfigurationIsVisible = 0;
			defaultConfigurationName = Release;
		};
		64E83C8F1B0B3144000DFD07 /* Build configuration list for PBXNativeTarget "AccordionDemo" */ = {
			isa = XCConfigurationList;
			buildConfigurations = (
				64E83C901B0B3144000DFD07 /* Debug */,
				64E83C911B0B3144000DFD07 /* Release */,
			);
			defaultConfigurationIsVisible = 0;
			defaultConfigurationName = Release;
		};
		64E83C921B0B3144000DFD07 /* Build configuration list for PBXNativeTarget "AccordionDemoTests" */ = {
			isa = XCConfigurationList;
			buildConfigurations = (
				64E83C931B0B3144000DFD07 /* Debug */,
				64E83C941B0B3144000DFD07 /* Release */,
			);
			defaultConfigurationIsVisible = 0;
			defaultConfigurationName = Release;
		};
/* End XCConfigurationList section */
	};
	rootObject = 64E83C641B0B3144000DFD07 /* Project object */;
}
